
Microsoft Visual Studio Solution File, Format Version 12.00
# Visual Studio Version 16
VisualStudioVersion = 16.0.30225.117
MinimumVisualStudioVersion = 10.0.40219.1
Project("{9A19103F-16F7-4668-BE54-9A1E7A4F7556}") = "de.springwald.xml.editor", "src\de.springwald.xml\de.springwald.xml.editor.csproj", "{53799606-9890-40FE-8D21-7274B106201A}"
EndProject
Project("{9A19103F-16F7-4668-BE54-9A1E7A4F7556}") = "de.springwald.xml.blazor", "src\de.springwald.xml.blazor\de.springwald.xml.blazor.csproj", "{967F0EB4-EBC4-4B60-9F21-7E3449663E46}"
EndProject
Project("{9A19103F-16F7-4668-BE54-9A1E7A4F7556}") = "de.springwald.xml.blazor.test", "test\de.springwald.xml.blazor.test\de.springwald.xml.blazor.test.csproj", "{E27C6A9D-5A8D-462F-A1B9-F6313D0FE61D}"
EndProject
Project("{9A19103F-16F7-4668-BE54-9A1E7A4F7556}") = "Blazor.Canvas", "src\Blazor.Canvas\Canvas\Blazor.Canvas.csproj", "{256B101F-6887-4565-9D53-E028DE9FA2EC}"
EndProject
Project("{9A19103F-16F7-4668-BE54-9A1E7A4F7556}") = "de.springwald.xmlTests", "src\de.springwald.xmlTests\de.springwald.xmlTests.csproj", "{7CA9B0DC-2B47-4540-98A8-CB57425C664A}"
EndProject
Global
	GlobalSection(SolutionConfigurationPlatforms) = preSolution
		Debug|Any CPU = Debug|Any CPU
		Release|Any CPU = Release|Any CPU
	EndGlobalSection
	GlobalSection(ProjectConfigurationPlatforms) = postSolution
		{53799606-9890-40FE-8D21-7274B106201A}.Debug|Any CPU.ActiveCfg = Debug|Any CPU
		{53799606-9890-40FE-8D21-7274B106201A}.Debug|Any CPU.Build.0 = Debug|Any CPU
		{53799606-9890-40FE-8D21-7274B106201A}.Release|Any CPU.ActiveCfg = Release|Any CPU
		{53799606-9890-40FE-8D21-7274B106201A}.Release|Any CPU.Build.0 = Release|Any CPU
		{967F0EB4-EBC4-4B60-9F21-7E3449663E46}.Debug|Any CPU.ActiveCfg = Debug|Any CPU
		{967F0EB4-EBC4-4B60-9F21-7E3449663E46}.Debug|Any CPU.Build.0 = Debug|Any CPU
		{967F0EB4-EBC4-4B60-9F21-7E3449663E46}.Release|Any CPU.ActiveCfg = Release|Any CPU
		{967F0EB4-EBC4-4B60-9F21-7E3449663E46}.Release|Any CPU.Build.0 = Release|Any CPU
		{E27C6A9D-5A8D-462F-A1B9-F6313D0FE61D}.Debug|Any CPU.ActiveCfg = Debug|Any CPU
		{E27C6A9D-5A8D-462F-A1B9-F6313D0FE61D}.Debug|Any CPU.Build.0 = Debug|Any CPU
		{E27C6A9D-5A8D-462F-A1B9-F6313D0FE61D}.Release|Any CPU.ActiveCfg = Release|Any CPU
		{E27C6A9D-5A8D-462F-A1B9-F6313D0FE61D}.Release|Any CPU.Build.0 = Release|Any CPU
		{256B101F-6887-4565-9D53-E028DE9FA2EC}.Debug|Any CPU.ActiveCfg = Debug|Any CPU
		{256B101F-6887-4565-9D53-E028DE9FA2EC}.Debug|Any CPU.Build.0 = Debug|Any CPU
		{256B101F-6887-4565-9D53-E028DE9FA2EC}.Release|Any CPU.ActiveCfg = Release|Any CPU
		{256B101F-6887-4565-9D53-E028DE9FA2EC}.Release|Any CPU.Build.0 = Release|Any CPU
		{7CA9B0DC-2B47-4540-98A8-CB57425C664A}.Debug|Any CPU.ActiveCfg = Debug|Any CPU
		{7CA9B0DC-2B47-4540-98A8-CB57425C664A}.Debug|Any CPU.Build.0 = Debug|Any CPU
		{7CA9B0DC-2B47-4540-98A8-CB57425C664A}.Release|Any CPU.ActiveCfg = Release|Any CPU
		{7CA9B0DC-2B47-4540-98A8-CB57425C664A}.Release|Any CPU.Build.0 = Release|Any CPU
	EndGlobalSection
	GlobalSection(SolutionProperties) = preSolution
		HideSolutionNode = FALSE
	EndGlobalSection
	GlobalSection(ExtensibilityGlobals) = postSolution
		SolutionGuid = {C9970D59-0A1F-435D-AB5D-F883B2A97C86}
	EndGlobalSection
EndGlobal
